Microsoft Visual Studio Solution File, Format Version 12.00
# Visual Studio 14
VisualStudioVersion = 14.0.23107.0
MinimumVisualStudioVersion = 10.0.40219.1
Project("{2150E333-8FDC-42A3-9474-1A3956D46DE8}") = ".paket", ".paket", "{B0EF91F3-8686-4116-963A-BC8583FEDCA9}"
	ProjectSection(SolutionItems) = preProject
		paket.dependencies = paket.dependencies
	EndProjectSection
EndProject
Project("{2150E333-8FDC-42A3-9474-1A3956D46DE8}") = "Solution Items", "Solution Items", "{467B15DE-972E-45F6-914A-3AF8C6A91442}"
	ProjectSection(SolutionItems) = preProject
		IrishTrains.txt = IrishTrains.txt
		LearnOnTheGo.txt = LearnOnTheGo.txt
		README.md = README.md
		UKTrains.txt = UKTrains.txt
	EndProjectSection
EndProject
Project("{F2A71F9B-5D33-465A-A702-920D77279786}") = "LearnOnTheGo", "LearnOnTheGo\LearnOnTheGo.fsproj", "{17CD56DE-3304-43DB-81E2-731624AF41F2}"
EndProject
Project("{FAE04EC0-301F-11D3-BF4B-00C04F79EFBC}") = "LearnOnTheGo.WP8", "LearnOnTheGo.WP8\LearnOnTheGo.WP8.csproj", "{DC399FE7-6708-44CC-9C92-E05AC217DFB9}"
EndProject
Project("{F2A71F9B-5D33-465A-A702-920D77279786}") = "Trains", "Trains\Trains.fsproj", "{5552F566-E77E-433B-8459-A41F865AF52C}"
EndProject
Project("{FAE04EC0-301F-11D3-BF4B-00C04F79EFBC}") = "Trains.WP8.UK", "Trains.WP8.UK\Trains.WP8.UK.csproj", "{427AEEA6-D5FC-426D-B8C3-58C26B1C3C06}"
EndProject
Project("{FAE04EC0-301F-11D3-BF4B-00C04F79EFBC}") = "Trains.WP8", "Trains.WP8\Trains.WP8.csproj", "{39849162-6B6F-43FA-BEBD-C4451D37A32A}"
EndProject
Project("{FAE04EC0-301F-11D3-BF4B-00C04F79EFBC}") = "Trains.WP8.IE", "Trains.WP8.IE\Trains.WP8.IE.csproj", "{3F2FDA3B-0194-4AFE-904D-ED9C6367FFEB}"
EndProject
Project("{F2A71F9B-5D33-465A-A702-920D77279786}") = "Common", "Common\Common.fsproj", "{E3A1693B-9EEC-4D86-A54E-0321CA206748}"
EndProject
Project("{FAE04EC0-301F-11D3-BF4B-00C04F79EFBC}") = "Common.WP8", "Common.WP8\Common.WP8.csproj", "{B4173364-79DA-4078-B0F6-7E95F0935375}"
EndProject
Global
	GlobalSection(SolutionConfigurationPlatforms) = preSolution
		Debug|Any CPU = Debug|Any CPU
		Debug|ARM = Debug|ARM
		Debug|x86 = Debug|x86
		Release|Any CPU = Release|Any CPU
		Release|ARM = Release|ARM
		Release|x86 = Release|x86
	EndGlobalSection
	GlobalSection(ProjectConfigurationPlatforms) = postSolution
		{17CD56DE-3304-43DB-81E2-731624AF41F2}.Debug|Any CPU.ActiveCfg = Debug|Any CPU
		{17CD56DE-3304-43DB-81E2-731624AF41F2}.Debug|Any CPU.Build.0 = Debug|Any CPU
		{17CD56DE-3304-43DB-81E2-731624AF41F2}.Debug|ARM.ActiveCfg = Debug|Any CPU
		{17CD56DE-3304-43DB-81E2-731624AF41F2}.Debug|x86.ActiveCfg = Debug|Any CPU
		{17CD56DE-3304-43DB-81E2-731624AF41F2}.Release|Any CPU.ActiveCfg = Release|Any CPU
		{17CD56DE-3304-43DB-81E2-731624AF41F2}.Release|Any CPU.Build.0 = Release|Any CPU
		{17CD56DE-3304-43DB-81E2-731624AF41F2}.Release|ARM.ActiveCfg = Release|Any CPU
		{17CD56DE-3304-43DB-81E2-731624AF41F2}.Release|x86.ActiveCfg = Release|Any CPU
		{DC399FE7-6708-44CC-9C92-E05AC217DFB9}.Debug|Any CPU.ActiveCfg = Debug|Any CPU
		{DC399FE7-6708-44CC-9C92-E05AC217DFB9}.Debug|Any CPU.Build.0 = Debug|Any CPU
		{DC399FE7-6708-44CC-9C92-E05AC217DFB9}.Debug|Any CPU.Deploy.0 = Debug|Any CPU
		{DC399FE7-6708-44CC-9C92-E05AC217DFB9}.Debug|ARM.ActiveCfg = Debug|ARM
		{DC399FE7-6708-44CC-9C92-E05AC217DFB9}.Debug|ARM.Build.0 = Debug|ARM
		{DC399FE7-6708-44CC-9C92-E05AC217DFB9}.Debug|ARM.Deploy.0 = Debug|ARM
		{DC399FE7-6708-44CC-9C92-E05AC217DFB9}.Debug|x86.ActiveCfg = Debug|x86
		{DC399FE7-6708-44CC-9C92-E05AC217DFB9}.Debug|x86.Build.0 = Debug|x86
		{DC399FE7-6708-44CC-9C92-E05AC217DFB9}.Debug|x86.Deploy.0 = Debug|x86
		{DC399FE7-6708-44CC-9C92-E05AC217DFB9}.Release|Any CPU.ActiveCfg = Release|Any CPU
		{DC399FE7-6708-44CC-9C92-E05AC217DFB9}.Release|Any CPU.Build.0 = Release|Any CPU
		{DC399FE7-6708-44CC-9C92-E05AC217DFB9}.Release|Any CPU.Deploy.0 = Release|Any CPU
		{DC399FE7-6708-44CC-9C92-E05AC217DFB9}.Release|ARM.ActiveCfg = Release|ARM
		{DC399FE7-6708-44CC-9C92-E05AC217DFB9}.Release|ARM.Build.0 = Release|ARM
		{DC399FE7-6708-44CC-9C92-E05AC217DFB9}.Release|ARM.Deploy.0 = Release|ARM
		{DC399FE7-6708-44CC-9C92-E05AC217DFB9}.Release|x86.ActiveCfg = Release|x86
		{DC399FE7-6708-44CC-9C92-E05AC217DFB9}.Release|x86.Build.0 = Release|x86
		{DC399FE7-6708-44CC-9C92-E05AC217DFB9}.Release|x86.Deploy.0 = Release|x86
		{5552F566-E77E-433B-8459-A41F865AF52C}.Debug|Any CPU.ActiveCfg = Debug|Any CPU
		{5552F566-E77E-433B-8459-A41F865AF52C}.Debug|Any CPU.Build.0 = Debug|Any CPU
		{5552F566-E77E-433B-8459-A41F865AF52C}.Debug|ARM.ActiveCfg = Debug|Any CPU
		{5552F566-E77E-433B-8459-A41F865AF52C}.Debug|x86.ActiveCfg = Debug|Any CPU
		{5552F566-E77E-433B-8459-A41F865AF52C}.Release|Any CPU.ActiveCfg = Release|Any CPU
		{5552F566-E77E-433B-8459-A41F865AF52C}.Release|Any CPU.Build.0 = Release|Any CPU
		{5552F566-E77E-433B-8459-A41F865AF52C}.Release|ARM.ActiveCfg = Release|Any CPU
		{5552F566-E77E-433B-8459-A41F865AF52C}.Release|x86.ActiveCfg = Release|Any CPU
		{427AEEA6-D5FC-426D-B8C3-58C26B1C3C06}.Debug|Any CPU.ActiveCfg = Debug|Any CPU
		{427AEEA6-D5FC-426D-B8C3-58C26B1C3C06}.Debug|Any CPU.Build.0 = Debug|Any CPU
		{427AEEA6-D5FC-426D-B8C3-58C26B1C3C06}.Debug|Any CPU.Deploy.0 = Debug|Any CPU
		{427AEEA6-D5FC-426D-B8C3-58C26B1C3C06}.Debug|ARM.ActiveCfg = Debug|ARM
		{427AEEA6-D5FC-426D-B8C3-58C26B1C3C06}.Debug|ARM.Build.0 = Debug|ARM
		{427AEEA6-D5FC-426D-B8C3-58C26B1C3C06}.Debug|ARM.Deploy.0 = Debug|ARM
		{427AEEA6-D5FC-426D-B8C3-58C26B1C3C06}.Debug|x86.ActiveCfg = Debug|x86
		{427AEEA6-D5FC-426D-B8C3-58C26B1C3C06}.Debug|x86.Build.0 = Debug|x86
		{427AEEA6-D5FC-426D-B8C3-58C26B1C3C06}.Debug|x86.Deploy.0 = Debug|x86
		{427AEEA6-D5FC-426D-B8C3-58C26B1C3C06}.Release|Any CPU.ActiveCfg = Release|Any CPU
		{427AEEA6-D5FC-426D-B8C3-58C26B1C3C06}.Release|Any CPU.Build.0 = Release|Any CPU
		{427AEEA6-D5FC-426D-B8C3-58C26B1C3C06}.Release|Any CPU.Deploy.0 = Release|Any CPU
		{427AEEA6-D5FC-426D-B8C3-58C26B1C3C06}.Release|ARM.ActiveCfg = Release|ARM
		{427AEEA6-D5FC-426D-B8C3-58C26B1C3C06}.Release|ARM.Build.0 = Release|ARM
		{427AEEA6-D5FC-426D-B8C3-58C26B1C3C06}.Release|ARM.Deploy.0 = Release|ARM
		{427AEEA6-D5FC-426D-B8C3-58C26B1C3C06}.Release|x86.ActiveCfg = Release|x86
		{427AEEA6-D5FC-426D-B8C3-58C26B1C3C06}.Release|x86.Build.0 = Release|x86
		{427AEEA6-D5FC-426D-B8C3-58C26B1C3C06}.Release|x86.Deploy.0 = Release|x86
		{39849162-6B6F-43FA-BEBD-C4451D37A32A}.Debug|Any CPU.ActiveCfg = Debug|Any CPU
		{39849162-6B6F-43FA-BEBD-C4451D37A32A}.Debug|Any CPU.Build.0 = Debug|Any CPU
		{39849162-6B6F-43FA-BEBD-C4451D37A32A}.Debug|ARM.ActiveCfg = Debug|ARM
		{39849162-6B6F-43FA-BEBD-C4451D37A32A}.Debug|ARM.Build.0 = Debug|ARM
		{39849162-6B6F-43FA-BEBD-C4451D37A32A}.Debug|x86.ActiveCfg = Debug|x86
		{39849162-6B6F-43FA-BEBD-C4451D37A32A}.Debug|x86.Build.0 = Debug|x86
		{39849162-6B6F-43FA-BEBD-C4451D37A32A}.Release|Any CPU.ActiveCfg = Release|Any CPU
		{39849162-6B6F-43FA-BEBD-C4451D37A32A}.Release|Any CPU.Build.0 = Release|Any CPU
		{39849162-6B6F-43FA-BEBD-C4451D37A32A}.Release|ARM.ActiveCfg = Release|ARM
		{39849162-6B6F-43FA-BEBD-C4451D37A32A}.Release|ARM.Build.0 = Release|ARM
		{39849162-6B6F-43FA-BEBD-C4451D37A32A}.Release|x86.ActiveCfg = Release|x86
		{39849162-6B6F-43FA-BEBD-C4451D37A32A}.Release|x86.Build.0 = Release|x86
		{3F2FDA3B-0194-4AFE-904D-ED9C6367FFEB}.Debug|Any CPU.ActiveCfg = Debug|Any CPU
		{3F2FDA3B-0194-4AFE-904D-ED9C6367FFEB}.Debug|Any CPU.Build.0 = Debug|Any CPU
		{3F2FDA3B-0194-4AFE-904D-ED9C6367FFEB}.Debug|Any CPU.Deploy.0 = Debug|Any CPU
		{3F2FDA3B-0194-4AFE-904D-ED9C6367FFEB}.Debug|ARM.ActiveCfg = Debug|ARM
		{3F2FDA3B-0194-4AFE-904D-ED9C6367FFEB}.Debug|ARM.Build.0 = Debug|ARM
		{3F2FDA3B-0194-4AFE-904D-ED9C6367FFEB}.Debug|ARM.Deploy.0 = Debug|ARM
		{3F2FDA3B-0194-4AFE-904D-ED9C6367FFEB}.Debug|x86.ActiveCfg = Debug|x86
		{3F2FDA3B-0194-4AFE-904D-ED9C6367FFEB}.Debug|x86.Build.0 = Debug|x86
		{3F2FDA3B-0194-4AFE-904D-ED9C6367FFEB}.Debug|x86.Deploy.0 = Debug|x86
		{3F2FDA3B-0194-4AFE-904D-ED9C6367FFEB}.Release|Any CPU.ActiveCfg = Release|Any CPU
		{3F2FDA3B-0194-4AFE-904D-ED9C6367FFEB}.Release|Any CPU.Build.0 = Release|Any CPU
		{3F2FDA3B-0194-4AFE-904D-ED9C6367FFEB}.Release|Any CPU.Deploy.0 = Release|Any CPU
		{3F2FDA3B-0194-4AFE-904D-ED9C6367FFEB}.Release|ARM.ActiveCfg = Release|ARM
		{3F2FDA3B-0194-4AFE-904D-ED9C6367FFEB}.Release|ARM.Build.0 = Release|ARM
		{3F2FDA3B-0194-4AFE-904D-ED9C6367FFEB}.Release|ARM.Deploy.0 = Release|ARM
		{3F2FDA3B-0194-4AFE-904D-ED9C6367FFEB}.Release|x86.ActiveCfg = Release|x86
		{3F2FDA3B-0194-4AFE-904D-ED9C6367FFEB}.Release|x86.Build.0 = Release|x86
		{3F2FDA3B-0194-4AFE-904D-ED9C6367FFEB}.Release|x86.Deploy.0 = Release|x86
		{E3A1693B-9EEC-4D86-A54E-0321CA206748}.Debug|Any CPU.ActiveCfg = Debug|Any CPU
		{E3A1693B-9EEC-4D86-A54E-0321CA206748}.Debug|Any CPU.Build.0 = Debug|Any CPU
		{E3A1693B-9EEC-4D86-A54E-0321CA206748}.Debug|ARM.ActiveCfg = Debug|Any CPU
		{E3A1693B-9EEC-4D86-A54E-0321CA206748}.Debug|x86.ActiveCfg = Debug|Any CPU
		{E3A1693B-9EEC-4D86-A54E-0321CA206748}.Release|Any CPU.ActiveCfg = Release|Any CPU
		{E3A1693B-9EEC-4D86-A54E-0321CA206748}.Release|Any CPU.Build.0 = Release|Any CPU
		{E3A1693B-9EEC-4D86-A54E-0321CA206748}.Release|ARM.ActiveCfg = Release|Any CPU
		{E3A1693B-9EEC-4D86-A54E-0321CA206748}.Release|x86.ActiveCfg = Release|Any CPU
		{B4173364-79DA-4078-B0F6-7E95F0935375}.Debug|Any CPU.ActiveCfg = Debug|Any CPU
		{B4173364-79DA-4078-B0F6-7E95F0935375}.Debug|Any CPU.Build.0 = Debug|Any CPU
		{B4173364-79DA-4078-B0F6-7E95F0935375}.Debug|ARM.ActiveCfg = Debug|ARM
		{B4173364-79DA-4078-B0F6-7E95F0935375}.Debug|ARM.Build.0 = Debug|ARM
		{B4173364-79DA-4078-B0F6-7E95F0935375}.Debug|x86.ActiveCfg = Debug|x86
		{B4173364-79DA-4078-B0F6-7E95F0935375}.Debug|x86.Build.0 = Debug|x86
		{B4173364-79DA-4078-B0F6-7E95F0935375}.Release|Any CPU.ActiveCfg = Release|Any CPU
		{B4173364-79DA-4078-B0F6-7E95F0935375}.Release|Any CPU.Build.0 = Release|Any CPU
		{B4173364-79DA-4078-B0F6-7E95F0935375}.Release|ARM.ActiveCfg = Release|ARM
		{B4173364-79DA-4078-B0F6-7E95F0935375}.Release|ARM.Build.0 = Release|ARM
		{B4173364-79DA-4078-B0F6-7E95F0935375}.Release|x86.ActiveCfg = Release|x86
		{B4173364-79DA-4078-B0F6-7E95F0935375}.Release|x86.Build.0 = Release|x86
	EndGlobalSection
	GlobalSection(SolutionProperties) = preSolution
		HideSolutionNode = FALSE
	EndGlobalSection
EndGlobal
