
Microsoft Visual Studio Solution File, Format Version 11.00
# Visual Studio 2010
Project("{2150E333-8FDC-42A3-9474-1A3956D46DE8}") = "Solution Items", "Solution Items", "{467B15DE-972E-45F6-914A-3AF8C6A91442}"
	ProjectSection(SolutionItems) = preProject
		README = README
	EndProjectSection
EndProject
Project("{FAE04EC0-301F-11D3-BF4B-00C04F79EFBC}") = "LearnOnTheGo", "LearnOnTheGo\LearnOnTheGo.csproj", "{5B601644-3CE5-43F3-84B1-C32B01DFF5B7}"
EndProject
Project("{F2A71F9B-5D33-465A-A702-920D77279786}") = "Coursera", "Coursera\Coursera.fsproj", "{5C18B195-B7EE-499E-9650-27C22DE3B86D}"
EndProject
Global
	GlobalSection(SolutionConfigurationPlatforms) = preSolution
		Debug|Any CPU = Debug|Any CPU
		Release|Any CPU = Release|Any CPU
	EndGlobalSection
	GlobalSection(ProjectConfigurationPlatforms) = postSolution
		{5B601644-3CE5-43F3-84B1-C32B01DFF5B7}.Debug|Any CPU.ActiveCfg = Debug|Any CPU
		{5B601644-3CE5-43F3-84B1-C32B01DFF5B7}.Debug|Any CPU.Build.0 = Debug|Any CPU
		{5B601644-3CE5-43F3-84B1-C32B01DFF5B7}.Debug|Any CPU.Deploy.0 = Debug|Any CPU
		{5B601644-3CE5-43F3-84B1-C32B01DFF5B7}.Release|Any CPU.ActiveCfg = Release|Any CPU
		{5B601644-3CE5-43F3-84B1-C32B01DFF5B7}.Release|Any CPU.Build.0 = Release|Any CPU
		{5B601644-3CE5-43F3-84B1-C32B01DFF5B7}.Release|Any CPU.Deploy.0 = Release|Any CPU
		{5C18B195-B7EE-499E-9650-27C22DE3B86D}.Debug|Any CPU.ActiveCfg = Debug|Any CPU
		{5C18B195-B7EE-499E-9650-27C22DE3B86D}.Debug|Any CPU.Build.0 = Debug|Any CPU
		{5C18B195-B7EE-499E-9650-27C22DE3B86D}.Release|Any CPU.ActiveCfg = Release|Any CPU
		{5C18B195-B7EE-499E-9650-27C22DE3B86D}.Release|Any CPU.Build.0 = Release|Any CPU
	EndGlobalSection
	GlobalSection(SolutionProperties) = preSolution
		HideSolutionNode = FALSE
	EndGlobalSection
EndGlobal
